// !$*UTF8*$!
{
	archiveVersion = 1;
	classes = {
	};
	objectVersion = 55;
	objects = {

/* Begin PBXBuildFile section */
		2C44E20327B4D0330008639A /* Tests_iOS.swift in Sources */ = {isa = PBXBuildFile; fileRef = 2C44E20227B4D0330008639A /* Tests_iOS.swift */; };
		2C44E20527B4D0330008639A /* Tests_iOSLaunchTests.swift in Sources */ = {isa = PBXBuildFile; fileRef = 2C44E20427B4D0330008639A /* Tests_iOSLaunchTests.swift */; };
		2C44E20F27B4D0330008639A /* Tests_macOS.swift in Sources */ = {isa = PBXBuildFile; fileRef = 2C44E20E27B4D0330008639A /* Tests_macOS.swift */; };
		2C44E21127B4D0330008639A /* Tests_macOSLaunchTests.swift in Sources */ = {isa = PBXBuildFile; fileRef = 2C44E21027B4D0330008639A /* Tests_macOSLaunchTests.swift */; };
		2C44E21227B4D0330008639A /* DispatchQueueApp.swift in Sources */ = {isa = PBXBuildFile; fileRef = 2C44E1EA27B4D0320008639A /* DispatchQueueApp.swift */; };
		2C44E21327B4D0330008639A /* DispatchQueueApp.swift in Sources */ = {isa = PBXBuildFile; fileRef = 2C44E1EA27B4D0320008639A /* DispatchQueueApp.swift */; };
		2C44E21427B4D0330008639A /* ContentView.swift in Sources */ = {isa = PBXBuildFile; fileRef = 2C44E1EB27B4D0320008639A /* ContentView.swift */; };
		2C44E21527B4D0330008639A /* ContentView.swift in Sources */ = {isa = PBXBuildFile; fileRef = 2C44E1EB27B4D0320008639A /* ContentView.swift */; };
		2C44E21627B4D0330008639A /* Assets.xcassets in Resources */ = {isa = PBXBuildFile; fileRef = 2C44E1EC27B4D0330008639A /* Assets.xcassets */; };
		2C44E21727B4D0330008639A /* Assets.xcassets in Resources */ = {isa = PBXBuildFile; fileRef = 2C44E1EC27B4D0330008639A /* Assets.xcassets */; };
/* End PBXBuildFile section */

/* Begin PBXContainerItemProxy section */
		2C44E1FF27B4D0330008639A /* PBXContainerItemProxy */ = {
			isa = PBXContainerItemProxy;
			containerPortal = 2C44E1E527B4D0320008639A /* Project object */;
			proxyType = 1;
			remoteGlobalIDString = 2C44E1F027B4D0330008639A;
			remoteInfo = "DispatchQueue (iOS)";
		};
		2C44E20B27B4D0330008639A /* PBXContainerItemProxy */ = {
			isa = PBXContainerItemProxy;
			containerPortal = 2C44E1E527B4D0320008639A /* Project object */;
			proxyType = 1;
			remoteGlobalIDString = 2C44E1F627B4D0330008639A;
			remoteInfo = "DispatchQueue (macOS)";
		};
/* End PBXContainerItemProxy section */

/* Begin PBXFileReference section */
		2C44E1EA27B4D0320008639A /* DispatchQueueApp.swift */ = {isa = PBXFileReference; lastKnownFileType = sourcecode.swift; path = DispatchQueueApp.swift; sourceTree = "<group>"; };
		2C44E1EB27B4D0320008639A /* ContentView.swift */ = {isa = PBXFileReference; lastKnownFileType = sourcecode.swift; path = ContentView.swift; sourceTree = "<group>"; };
		2C44E1EC27B4D0330008639A /* Assets.xcassets */ = {isa = PBXFileReference; lastKnownFileType = folder.assetcatalog; path = Assets.xcassets; sourceTree = "<group>"; };
		2C44E1F127B4D0330008639A /* DispatchQueue.app */ = {isa = PBXFileReference; explicitFileType = wrapper.application; includeInIndex = 0; path = DispatchQueue.app; sourceTree = BUILT_PRODUCTS_DIR; };
		2C44E1F727B4D0330008639A /* DispatchQueue.app */ = {isa = PBXFileReference; explicitFileType = wrapper.application; includeInIndex = 0; path = DispatchQueue.app; sourceTree = BUILT_PRODUCTS_DIR; };
		2C44E1F927B4D0330008639A /* macOS.entitlements */ = {isa = PBXFileReference; lastKnownFileType = text.plist.entitlements; path = macOS.entitlements; sourceTree = "<group>"; };
		2C44E1FE27B4D0330008639A /* Tests iOS.xctest */ = {isa = PBXFileReference; explicitFileType = wrapper.cfbundle; includeInIndex = 0; path = "Tests iOS.xctest"; sourceTree = BUILT_PRODUCTS_DIR; };
		2C44E20227B4D0330008639A /* Tests_iOS.swift */ = {isa = PBXFileReference; lastKnownFileType = sourcecode.swift; path = Tests_iOS.swift; sourceTree = "<group>"; };
		2C44E20427B4D0330008639A /* Tests_iOSLaunchTests.swift */ = {isa = PBXFileReference; lastKnownFileType = sourcecode.swift; path = Tests_iOSLaunchTests.swift; sourceTree = "<group>"; };
		2C44E20A27B4D0330008639A /* Tests macOS.xctest */ = {isa = PBXFileReference; explicitFileType = wrapper.cfbundle; includeInIndex = 0; path = "Tests macOS.xctest"; sourceTree = BUILT_PRODUCTS_DIR; };
		2C44E20E27B4D0330008639A /* Tests_macOS.swift */ = {isa = PBXFileReference; lastKnownFileType = sourcecode.swift; path = Tests_macOS.swift; sourceTree = "<group>"; };
		2C44E21027B4D0330008639A /* Tests_macOSLaunchTests.swift */ = {isa = PBXFileReference; lastKnownFileType = sourcecode.swift; path = Tests_macOSLaunchTests.swift; sourceTree = "<group>"; };
/* End PBXFileReference section */

/* Begin PBXFrameworksBuildPhase section */
		2C44E1EE27B4D0330008639A /* Frameworks */ = {
			isa = PBXFrameworksBuildPhase;
			buildActionMask = 2147483647;
			files = (
			);
			runOnlyForDeploymentPostprocessing = 0;
		};
		2C44E1F427B4D0330008639A /* Frameworks */ = {
			isa = PBXFrameworksBuildPhase;
			buildActionMask = 2147483647;
			files = (
			);
			runOnlyForDeploymentPostprocessing = 0;
		};
		2C44E1FB27B4D0330008639A /* Frameworks */ = {
			isa = PBXFrameworksBuildPhase;
			buildActionMask = 2147483647;
			files = (
			);
			runOnlyForDeploymentPostprocessing = 0;
		};
		2C44E20727B4D0330008639A /* Frameworks */ = {
			isa = PBXFrameworksBuildPhase;
			buildActionMask = 2147483647;
			files = (
			);
			runOnlyForDeploymentPostprocessing = 0;
		};
/* End PBXFrameworksBuildPhase section */

/* Begin PBXGroup section */
		2C44E1E427B4D0320008639A = {
			isa = PBXGroup;
			children = (
				2C44E1E927B4D0320008639A /* Shared */,
				2C44E1F827B4D0330008639A /* macOS */,
				2C44E20127B4D0330008639A /* Tests iOS */,
				2C44E20D27B4D0330008639A /* Tests macOS */,
				2C44E1F227B4D0330008639A /* Products */,
			);
			sourceTree = "<group>";
		};
		2C44E1E927B4D0320008639A /* Shared */ = {
			isa = PBXGroup;
			children = (
				2C44E1EA27B4D0320008639A /* DispatchQueueApp.swift */,
				2C44E1EB27B4D0320008639A /* ContentView.swift */,
				2C44E1EC27B4D0330008639A /* Assets.xcassets */,
			);
			path = Shared;
			sourceTree = "<group>";
		};
		2C44E1F227B4D0330008639A /* Products */ = {
			isa = PBXGroup;
			children = (
				2C44E1F127B4D0330008639A /* DispatchQueue.app */,
				2C44E1F727B4D0330008639A /* DispatchQueue.app */,
				2C44E1FE27B4D0330008639A /* Tests iOS.xctest */,
				2C44E20A27B4D0330008639A /* Tests macOS.xctest */,
			);
			name = Products;
			sourceTree = "<group>";
		};
		2C44E1F827B4D0330008639A /* macOS */ = {
			isa = PBXGroup;
			children = (
				2C44E1F927B4D0330008639A /* macOS.entitlements */,
			);
			path = macOS;
			sourceTree = "<group>";
		};
		2C44E20127B4D0330008639A /* Tests iOS */ = {
			isa = PBXGroup;
			children = (
				2C44E20227B4D0330008639A /* Tests_iOS.swift */,
				2C44E20427B4D0330008639A /* Tests_iOSLaunchTests.swift */,
			);
			path = "Tests iOS";
			sourceTree = "<group>";
		};
		2C44E20D27B4D0330008639A /* Tests macOS */ = {
			isa = PBXGroup;
			children = (
				2C44E20E27B4D0330008639A /* Tests_macOS.swift */,
				2C44E21027B4D0330008639A /* Tests_macOSLaunchTests.swift */,
			);
			path = "Tests macOS";
			sourceTree = "<group>";
		};
/* End PBXGroup section */

/* Begin PBXNativeTarget section */
		2C44E1F027B4D0330008639A /* DispatchQueue (iOS) */ = {
			isa = PBXNativeTarget;
			buildConfigurationList = 2C44E21A27B4D0330008639A /* Build configuration list for PBXNativeTarget "DispatchQueue (iOS)" */;
			buildPhases = (
				2C44E1ED27B4D0330008639A /* Sources */,
				2C44E1EE27B4D0330008639A /* Frameworks */,
				2C44E1EF27B4D0330008639A /* Resources */,
			);
			buildRules = (
			);
			dependencies = (
			);
			name = "DispatchQueue (iOS)";
			productName = "DispatchQueue (iOS)";
			productReference = 2C44E1F127B4D0330008639A /* DispatchQueue.app */;
			productType = "com.apple.product-type.application";
		};
		2C44E1F627B4D0330008639A /* DispatchQueue (macOS) */ = {
			isa = PBXNativeTarget;
			buildConfigurationList = 2C44E21D27B4D0330008639A /* Build configuration list for PBXNativeTarget "DispatchQueue (macOS)" */;
			buildPhases = (
				2C44E1F327B4D0330008639A /* Sources */,
				2C44E1F427B4D0330008639A /* Frameworks */,
				2C44E1F527B4D0330008639A /* Resources */,
			);
			buildRules = (
			);
			dependencies = (
			);
			name = "DispatchQueue (macOS)";
			productName = "DispatchQueue (macOS)";
			productReference = 2C44E1F727B4D0330008639A /* DispatchQueue.app */;
			productType = "com.apple.product-type.application";
		};
		2C44E1FD27B4D0330008639A /* Tests iOS */ = {
			isa = PBXNativeTarget;
			buildConfigurationList = 2C44E22027B4D0330008639A /* Build configuration list for PBXNativeTarget "Tests iOS" */;
			buildPhases = (
				2C44E1FA27B4D0330008639A /* Sources */,
				2C44E1FB27B4D0330008639A /* Frameworks */,
				2C44E1FC27B4D0330008639A /* Resources */,
			);
			buildRules = (
			);
			dependencies = (
				2C44E20027B4D0330008639A /* PBXTargetDependency */,
			);
			name = "Tests iOS";
			productName = "Tests iOS";
			productReference = 2C44E1FE27B4D0330008639A /* Tests iOS.xctest */;
			productType = "com.apple.product-type.bundle.ui-testing";
		};
		2C44E20927B4D0330008639A /* Tests macOS */ = {
			isa = PBXNativeTarget;
			buildConfigurationList = 2C44E22327B4D0330008639A /* Build configuration list for PBXNativeTarget "Tests macOS" */;
			buildPhases = (
				2C44E20627B4D0330008639A /* Sources */,
				2C44E20727B4D0330008639A /* Frameworks */,
				2C44E20827B4D0330008639A /* Resources */,
			);
			buildRules = (
			);
			dependencies = (
				2C44E20C27B4D0330008639A /* PBXTargetDependency */,
			);
			name = "Tests macOS";
			productName = "Tests macOS";
			productReference = 2C44E20A27B4D0330008639A /* Tests macOS.xctest */;
			productType = "com.apple.product-type.bundle.ui-testing";
		};
/* End PBXNativeTarget section */

/* Begin PBXProject section */
		2C44E1E527B4D0320008639A /* Project object */ = {
			isa = PBXProject;
			attributes = {
				BuildIndependentTargetsInParallel = 1;
				LastSwiftUpdateCheck = 1320;
				LastUpgradeCheck = 1320;
				TargetAttributes = {
					2C44E1F027B4D0330008639A = {
						CreatedOnToolsVersion = 13.2.1;
					};
					2C44E1F627B4D0330008639A = {
						CreatedOnToolsVersion = 13.2.1;
					};
					2C44E1FD27B4D0330008639A = {
						CreatedOnToolsVersion = 13.2.1;
						TestTargetID = 2C44E1F027B4D0330008639A;
					};
					2C44E20927B4D0330008639A = {
						CreatedOnToolsVersion = 13.2.1;
						TestTargetID = 2C44E1F627B4D0330008639A;
					};
				};
			};
			buildConfigurationList = 2C44E1E827B4D0320008639A /* Build configuration list for PBXProject "DispatchQueue" */;
			compatibilityVersion = "Xcode 13.0";
			developmentRegion = en;
			hasScannedForEncodings = 0;
			knownRegions = (
				en,
				Base,
			);
			mainGroup = 2C44E1E427B4D0320008639A;
			productRefGroup = 2C44E1F227B4D0330008639A /* Products */;
			projectDirPath = "";
			projectRoot = "";
			targets = (
				2C44E1F027B4D0330008639A /* DispatchQueue (iOS) */,
				2C44E1F627B4D0330008639A /* DispatchQueue (macOS) */,
				2C44E1FD27B4D0330008639A /* Tests iOS */,
				2C44E20927B4D0330008639A /* Tests macOS */,
			);
		};
/* End PBXProject section */

/* Begin PBXResourcesBuildPhase section */
		2C44E1EF27B4D0330008639A /* Resources */ = {
			isa = PBXResourcesBuildPhase;
			buildActionMask = 2147483647;
			files = (
				2C44E21627B4D0330008639A /* Assets.xcassets in Resources */,
			);
			runOnlyForDeploymentPostprocessing = 0;
		};
		2C44E1F527B4D0330008639A /* Resources */ = {
			isa = PBXResourcesBuildPhase;
			buildActionMask = 2147483647;
			files = (
				2C44E21727B4D0330008639A /* Assets.xcassets in Resources */,
			);
			runOnlyForDeploymentPostprocessing = 0;
		};
		2C44E1FC27B4D0330008639A /* Resources */ = {
			isa = PBXResourcesBuildPhase;
			buildActionMask = 2147483647;
			files = (
			);
			runOnlyForDeploymentPostprocessing = 0;
		};
		2C44E20827B4D0330008639A /* Resources */ = {
			isa = PBXResourcesBuildPhase;
			buildActionMask = 2147483647;
			files = (
			);
			runOnlyForDeploymentPostprocessing = 0;
		};
/* End PBXResourcesBuildPhase section */

/* Begin PBXSourcesBuildPhase section */
		2C44E1ED27B4D0330008639A /* Sources */ = {
			isa = PBXSourcesBuildPhase;
			buildActionMask = 2147483647;
			files = (
				2C44E21427B4D0330008639A /* ContentView.swift in Sources */,
				2C44E21227B4D0330008639A /* DispatchQueueApp.swift in Sources */,
			);
			runOnlyForDeploymentPostprocessing = 0;
		};
		2C44E1F327B4D0330008639A /* Sources */ = {
			isa = PBXSourcesBuildPhase;
			buildActionMask = 2147483647;
			files = (
				2C44E21527B4D0330008639A /* ContentView.swift in Sources */,
				2C44E21327B4D0330008639A /* DispatchQueueApp.swift in Sources */,
			);
			runOnlyForDeploymentPostprocessing = 0;
		};
		2C44E1FA27B4D0330008639A /* Sources */ = {
			isa = PBXSourcesBuildPhase;
			buildActionMask = 2147483647;
			files = (
				2C44E20527B4D0330008639A /* Tests_iOSLaunchTests.swift in Sources */,
				2C44E20327B4D0330008639A /* Tests_iOS.swift in Sources */,
			);
			runOnlyForDeploymentPostprocessing = 0;
		};
		2C44E20627B4D0330008639A /* Sources */ = {
			isa = PBXSourcesBuildPhase;
			buildActionMask = 2147483647;
			files = (
				2C44E21127B4D0330008639A /* Tests_macOSLaunchTests.swift in Sources */,
				2C44E20F27B4D0330008639A /* Tests_macOS.swift in Sources */,
			);
			runOnlyForDeploymentPostprocessing = 0;
		};
/* End PBXSourcesBuildPhase section */

/* Begin PBXTargetDependency section */
		2C44E20027B4D0330008639A /* PBXTargetDependency */ = {
			isa = PBXTargetDependency;
			target = 2C44E1F027B4D0330008639A /* DispatchQueue (iOS) */;
			targetProxy = 2C44E1FF27B4D0330008639A /* PBXContainerItemProxy */;
		};
		2C44E20C27B4D0330008639A /* PBXTargetDependency */ = {
			isa = PBXTargetDependency;
			target = 2C44E1F627B4D0330008639A /* DispatchQueue (macOS) */;
			targetProxy = 2C44E20B27B4D0330008639A /* PBXContainerItemProxy */;
		};
/* End PBXTargetDependency section */

/* Begin XCBuildConfiguration section */
		2C44E21827B4D0330008639A /* Debug */ = {
			isa = XCBuildConfiguration;
			buildSettings = {
				ALWAYS_SEARCH_USER_PATHS = NO;
				CLANG_ANALYZER_NONNULL = YES;
				CLANG_ANALYZER_NUMBER_OBJECT_CONVERSION = YES_AGGRESSIVE;
				CLANG_CXX_LANGUAGE_STANDARD = "gnu++17";
				CLANG_CXX_LIBRARY = "libc++";
				CLANG_ENABLE_MODULES = YES;
				CLANG_ENABLE_OBJC_ARC = YES;
				CLANG_ENABLE_OBJC_WEAK = YES;
				CLANG_WARN_BLOCK_CAPTURE_AUTORELEASING = YES;
				CLANG_WARN_BOOL_CONVERSION = YES;
				CLANG_WARN_COMMA = YES;
				CLANG_WARN_CONSTANT_CONVERSION = YES;
				CLANG_WARN_DEPRECATED_OBJC_IMPLEMENTATIONS = YES;
				CLANG_WARN_DIRECT_OBJC_ISA_USAGE = YES_ERROR;
				CLANG_WARN_DOCUMENTATION_COMMENTS = YES;
				CLANG_WARN_EMPTY_BODY = YES;
				CLANG_WARN_ENUM_CONVERSION = YES;
				CLANG_WARN_INFINITE_RECURSION = YES;
				CLANG_WARN_INT_CONVERSION = YES;
				CLANG_WARN_NON_LITERAL_NULL_CONVERSION = YES;
				CLANG_WARN_OBJC_IMPLICIT_RETAIN_SELF = YES;
				CLANG_WARN_OBJC_LITERAL_CONVERSION = YES;
				CLANG_WARN_OBJC_ROOT_CLASS = YES_ERROR;
				CLANG_WARN_QUOTED_INCLUDE_IN_FRAMEWORK_HEADER = YES;
				CLANG_WARN_RANGE_LOOP_ANALYSIS = YES;
				CLANG_WARN_STRICT_PROTOTYPES = YES;
				CLANG_WARN_SUSPICIOUS_MOVE = YES;
				CLANG_WARN_UNGUARDED_AVAILABILITY = YES_AGGRESSIVE;
				CLANG_WARN_UNREACHABLE_CODE = YES;
				CLANG_WARN__DUPLICATE_METHOD_MATCH = YES;
				COPY_PHASE_STRIP = NO;
				DEBUG_INFORMATION_FORMAT = dwarf;
				ENABLE_STRICT_OBJC_MSGSEND = YES;
				ENABLE_TESTABILITY = YES;
				GCC_C_LANGUAGE_STANDARD = gnu11;
				GCC_DYNAMIC_NO_PIC = NO;
				GCC_NO_COMMON_BLOCKS = YES;
				GCC_OPTIMIZATION_LEVEL = 0;
				GCC_PREPROCESSOR_DEFINITIONS = (
					"DEBUG=1",
					"$(inherited)",
				);
				GCC_WARN_64_TO_32_BIT_CONVERSION = YES;
				GCC_WARN_ABOUT_RETURN_TYPE = YES_ERROR;
				GCC_WARN_UNDECLARED_SELECTOR = YES;
				GCC_WARN_UNINITIALIZED_AUTOS = YES_AGGRESSIVE;
				GCC_WARN_UNUSED_FUNCTION = YES;
				GCC_WARN_UNUSED_VARIABLE = YES;
				MTL_ENABLE_DEBUG_INFO = INCLUDE_SOURCE;
				MTL_FAST_MATH = YES;
				ONLY_ACTIVE_ARCH = YES;
				SWIFT_ACTIVE_COMPILATION_CONDITIONS = DEBUG;
				SWIFT_OPTIMIZATION_LEVEL = "-Onone";
			};
			name = Debug;
		};
		2C44E21927B4D0330008639A /* Release */ = {
			isa = XCBuildConfiguration;
			buildSettings = {
				ALWAYS_SEARCH_USER_PATHS = NO;
				CLANG_ANALYZER_NONNULL = YES;
				CLANG_ANALYZER_NUMBER_OBJECT_CONVERSION = YES_AGGRESSIVE;
				CLANG_CXX_LANGUAGE_STANDARD = "gnu++17";
				CLANG_CXX_LIBRARY = "libc++";
				CLANG_ENABLE_MODULES = YES;
				CLANG_ENABLE_OBJC_ARC = YES;
				CLANG_ENABLE_OBJC_WEAK = YES;
				CLANG_WARN_BLOCK_CAPTURE_AUTORELEASING = YES;
				CLANG_WARN_BOOL_CONVERSION = YES;
				CLANG_WARN_COMMA = YES;
				CLANG_WARN_CONSTANT_CONVERSION = YES;
				CLANG_WARN_DEPRECATED_OBJC_IMPLEMENTATIONS = YES;
				CLANG_WARN_DIRECT_OBJC_ISA_USAGE = YES_ERROR;
				CLANG_WARN_DOCUMENTATION_COMMENTS = YES;
				CLANG_WARN_EMPTY_BODY = YES;
				CLANG_WARN_ENUM_CONVERSION = YES;
				CLANG_WARN_INFINITE_RECURSION = YES;
				CLANG_WARN_INT_CONVERSION = YES;
				CLANG_WARN_NON_LITERAL_NULL_CONVERSION = YES;
				CLANG_WARN_OBJC_IMPLICIT_RETAIN_SELF = YES;
				CLANG_WARN_OBJC_LITERAL_CONVERSION = YES;
				CLANG_WARN_OBJC_ROOT_CLASS = YES_ERROR;
				CLANG_WARN_QUOTED_INCLUDE_IN_FRAMEWORK_HEADER = YES;
				CLANG_WARN_RANGE_LOOP_ANALYSIS = YES;
				CLANG_WARN_STRICT_PROTOTYPES = YES;
				CLANG_WARN_SUSPICIOUS_MOVE = YES;
				CLANG_WARN_UNGUARDED_AVAILABILITY = YES_AGGRESSIVE;
				CLANG_WARN_UNREACHABLE_CODE = YES;
				CLANG_WARN__DUPLICATE_METHOD_MATCH = YES;
				COPY_PHASE_STRIP = NO;
				DEBUG_INFORMATION_FORMAT = "dwarf-with-dsym";
				ENABLE_NS_ASSERTIONS = NO;
				ENABLE_STRICT_OBJC_MSGSEND = YES;
				GCC_C_LANGUAGE_STANDARD = gnu11;
				GCC_NO_COMMON_BLOCKS = YES;
				GCC_WARN_64_TO_32_BIT_CONVERSION = YES;
				GCC_WARN_ABOUT_RETURN_TYPE = YES_ERROR;
				GCC_WARN_UNDECLARED_SELECTOR = YES;
				GCC_WARN_UNINITIALIZED_AUTOS = YES_AGGRESSIVE;
				GCC_WARN_UNUSED_FUNCTION = YES;
				GCC_WARN_UNUSED_VARIABLE = YES;
				MTL_ENABLE_DEBUG_INFO = NO;
				MTL_FAST_MATH = YES;
				SWIFT_COMPILATION_MODE = wholemodule;
				SWIFT_OPTIMIZATION_LEVEL = "-O";
			};
			name = Release;
		};
		2C44E21B27B4D0330008639A /* Debug */ = {
			isa = XCBuildConfiguration;
			buildSettings = {
				ASSETCATALOG_COMPILER_APPICON_NAME = AppIcon;
				ASSETCATALOG_COMPILER_GLOBAL_ACCENT_COLOR_NAME = AccentColor;
				CODE_SIGN_STYLE = Automatic;
				CURRENT_PROJECT_VERSION = 1;
				DEVELOPMENT_TEAM = Y3HVN468NS;
				ENABLE_PREVIEWS = YES;
				GENERATE_INFOPLIST_FILE = YES;
				INFOPLIST_KEY_UIApplicationSceneManifest_Generation = YES;
				INFOPLIST_KEY_UIApplicationSupportsIndirectInputEvents = YES;
				INFOPLIST_KEY_UILaunchScreen_Generation = YES;
				INFOPLIST_KEY_UISupportedInterfaceOrientations_iPad = "UIInterfaceOrientationPortrait UIInterfaceOrientationPortraitUpsideDown UIInterfaceOrientationLandscapeLeft UIInterfaceOrientationLandscapeRight";
				INFOPLIST_KEY_UISupportedInterfaceOrientations_iPhone = "UIInterfaceOrientationPortrait UIInterfaceOrientationLandscapeLeft UIInterfaceOrientationLandscapeRight";
				IPHONEOS_DEPLOYMENT_TARGET = 15.2;
				LD_RUNPATH_SEARCH_PATHS = (
					"$(inherited)",
					"@executable_path/Frameworks",
				);
				MARKETING_VERSION = 1.0;
				PRODUCT_BUNDLE_IDENTIFIER = DispatchQueue.DispatchQueue;
				PRODUCT_NAME = DispatchQueue;
				SDKROOT = iphoneos;
				SWIFT_EMIT_LOC_STRINGS = YES;
				SWIFT_VERSION = 5.0;
				TARGETED_DEVICE_FAMILY = "1,2";
			};
			name = Debug;
		};
		2C44E21C27B4D0330008639A /* Release */ = {
			isa = XCBuildConfiguration;
			buildSettings = {
				ASSETCATALOG_COMPILER_APPICON_NAME = AppIcon;
				ASSETCATALOG_COMPILER_GLOBAL_ACCENT_COLOR_NAME = AccentColor;
				CODE_SIGN_STYLE = Automatic;
				CURRENT_PROJECT_VERSION = 1;
				DEVELOPMENT_TEAM = Y3HVN468NS;
				ENABLE_PREVIEWS = YES;
				GENERATE_INFOPLIST_FILE = YES;
				INFOPLIST_KEY_UIApplicationSceneManifest_Generation = YES;
				INFOPLIST_KEY_UIApplicationSupportsIndirectInputEvents = YES;
				INFOPLIST_KEY_UILaunchScreen_Generation = YES;
				INFOPLIST_KEY_UISupportedInterfaceOrientations_iPad = "UIInterfaceOrientationPortrait UIInterfaceOrientationPortraitUpsideDown UIInterfaceOrientationLandscapeLeft UIInterfaceOrientationLandscapeRight";
				INFOPLIST_KEY_UISupportedInterfaceOrientations_iPhone = "UIInterfaceOrientationPortrait UIInterfaceOrientationLandscapeLeft UIInterfaceOrientationLandscapeRight";
				IPHONEOS_DEPLOYMENT_TARGET = 15.2;
				LD_RUNPATH_SEARCH_PATHS = (
					"$(inherited)",
					"@executable_path/Frameworks",
				);
				MARKETING_VERSION = 1.0;
				PRODUCT_BUNDLE_IDENTIFIER = DispatchQueue.DispatchQueue;
				PRODUCT_NAME = DispatchQueue;
				SDKROOT = iphoneos;
				SWIFT_EMIT_LOC_STRINGS = YES;
				SWIFT_VERSION = 5.0;
				TARGETED_DEVICE_FAMILY = "1,2";
				VALIDATE_PRODUCT = YES;
			};
			name = Release;
		};
		2C44E21E27B4D0330008639A /* Debug */ = {
			isa = XCBuildConfiguration;
			buildSettings = {
				ASSETCATALOG_COMPILER_APPICON_NAME = AppIcon;
				ASSETCATALOG_COMPILER_GLOBAL_ACCENT_COLOR_NAME = AccentColor;
				CODE_SIGN_ENTITLEMENTS = macOS/macOS.entitlements;
				CODE_SIGN_STYLE = Automatic;
				COMBINE_HIDPI_IMAGES = YES;
				CURRENT_PROJECT_VERSION = 1;
				DEVELOPMENT_TEAM = Y3HVN468NS;
				ENABLE_HARDENED_RUNTIME = YES;
				ENABLE_PREVIEWS = YES;
				GENERATE_INFOPLIST_FILE = YES;
				INFOPLIST_KEY_NSHumanReadableCopyright = "";
				LD_RUNPATH_SEARCH_PATHS = (
					"$(inherited)",
					"@executable_path/../Frameworks",
				);
				MACOSX_DEPLOYMENT_TARGET = 12.1;
				MARKETING_VERSION = 1.0;
				PRODUCT_BUNDLE_IDENTIFIER = DispatchQueue.DispatchQueue;
				PRODUCT_NAME = DispatchQueue;
				SDKROOT = macosx;
				SWIFT_EMIT_LOC_STRINGS = YES;
				SWIFT_VERSION = 5.0;
			};
			name = Debug;
		};
		2C44E21F27B4D0330008639A /* Release */ = {
			isa = XCBuildConfiguration;
			buildSettings = {
				ASSETCATALOG_COMPILER_APPICON_NAME = AppIcon;
				ASSETCATALOG_COMPILER_GLOBAL_ACCENT_COLOR_NAME = AccentColor;
				CODE_SIGN_ENTITLEMENTS = macOS/macOS.entitlements;
				CODE_SIGN_STYLE = Automatic;
				COMBINE_HIDPI_IMAGES = YES;
				CURRENT_PROJECT_VERSION = 1;
				DEVELOPMENT_TEAM = Y3HVN468NS;
				ENABLE_HARDENED_RUNTIME = YES;
				ENABLE_PREVIEWS = YES;
				GENERATE_INFOPLIST_FILE = YES;
				INFOPLIST_KEY_NSHumanReadableCopyright = "";
				LD_RUNPATH_SEARCH_PATHS = (
					"$(inherited)",
					"@executable_path/../Frameworks",
				);
				MACOSX_DEPLOYMENT_TARGET = 12.1;
				MARKETING_VERSION = 1.0;
				PRODUCT_BUNDLE_IDENTIFIER = DispatchQueue.DispatchQueue;
				PRODUCT_NAME = DispatchQueue;
				SDKROOT = macosx;
				SWIFT_EMIT_LOC_STRINGS = YES;
				SWIFT_VERSION = 5.0;
			};
			name = Release;
		};
		2C44E22127B4D0330008639A /* Debug */ = {
			isa = XCBuildConfiguration;
			buildSettings = {
				ALWAYS_EMBED_SWIFT_STANDARD_LIBRARIES = YES;
				CODE_SIGN_STYLE = Automatic;
				CURRENT_PROJECT_VERSION = 1;
				DEVELOPMENT_TEAM = Y3HVN468NS;
				GENERATE_INFOPLIST_FILE = YES;
				IPHONEOS_DEPLOYMENT_TARGET = 15.2;
				MARKETING_VERSION = 1.0;
				PRODUCT_BUNDLE_IDENTIFIER = "DispatchQueue.Tests-iOS";
				PRODUCT_NAME = "$(TARGET_NAME)";
				SDKROOT = iphoneos;
				SWIFT_EMIT_LOC_STRINGS = NO;
				SWIFT_VERSION = 5.0;
				TARGETED_DEVICE_FAMILY = "1,2";
				TEST_TARGET_NAME = "DispatchQueue (iOS)";
			};
			name = Debug;
		};
		2C44E22227B4D0330008639A /* Release */ = {
			isa = XCBuildConfiguration;
			buildSettings = {
				ALWAYS_EMBED_SWIFT_STANDARD_LIBRARIES = YES;
				CODE_SIGN_STYLE = Automatic;
				CURRENT_PROJECT_VERSION = 1;
				DEVELOPMENT_TEAM = Y3HVN468NS;
				GENERATE_INFOPLIST_FILE = YES;
				IPHONEOS_DEPLOYMENT_TARGET = 15.2;
				MARKETING_VERSION = 1.0;
				PRODUCT_BUNDLE_IDENTIFIER = "DispatchQueue.Tests-iOS";
				PRODUCT_NAME = "$(TARGET_NAME)";
				SDKROOT = iphoneos;
				SWIFT_EMIT_LOC_STRINGS = NO;
				SWIFT_VERSION = 5.0;
				TARGETED_DEVICE_FAMILY = "1,2";
				TEST_TARGET_NAME = "DispatchQueue (iOS)";
				VALIDATE_PRODUCT = YES;
			};
			name = Release;
		};
		2C44E22427B4D0330008639A /* Debug */ = {
			isa = XCBuildConfiguration;
			buildSettings = {
				ALWAYS_EMBED_SWIFT_STANDARD_LIBRARIES = YES;
				CODE_SIGN_STYLE = Automatic;
				CURRENT_PROJECT_VERSION = 1;
				DEVELOPMENT_TEAM = Y3HVN468NS;
				GENERATE_INFOPLIST_FILE = YES;
				MACOSX_DEPLOYMENT_TARGET = 12.1;
				MARKETING_VERSION = 1.0;
				PRODUCT_BUNDLE_IDENTIFIER = "DispatchQueue.Tests-macOS";
				PRODUCT_NAME = "$(TARGET_NAME)";
				SDKROOT = macosx;
				SWIFT_EMIT_LOC_STRINGS = NO;
				SWIFT_VERSION = 5.0;
				TEST_TARGET_NAME = "DispatchQueue (macOS)";
			};
			name = Debug;
		};
		2C44E22527B4D0330008639A /* Release */ = {
			isa = XCBuildConfiguration;
			buildSettings = {
				ALWAYS_EMBED_SWIFT_STANDARD_LIBRARIES = YES;
				CODE_SIGN_STYLE = Automatic;
				CURRENT_PROJECT_VERSION = 1;
				DEVELOPMENT_TEAM = Y3HVN468NS;
				GENERATE_INFOPLIST_FILE = YES;
				MACOSX_DEPLOYMENT_TARGET = 12.1;
				MARKETING_VERSION = 1.0;
				PRODUCT_BUNDLE_IDENTIFIER = "DispatchQueue.Tests-macOS";
				PRODUCT_NAME = "$(TARGET_NAME)";
				SDKROOT = macosx;
				SWIFT_EMIT_LOC_STRINGS = NO;
				SWIFT_VERSION = 5.0;
				TEST_TARGET_NAME = "DispatchQueue (macOS)";
			};
			name = Release;
		};
/* End XCBuildConfiguration section */

/* Begin XCConfigurationList section */
		2C44E1E827B4D0320008639A /* Build configuration list for PBXProject "DispatchQueue" */ = {
			isa = XCConfigurationList;
			buildConfigurations = (
				2C44E21827B4D0330008639A /* Debug */,
				2C44E21927B4D0330008639A /* Release */,
			);
			defaultConfigurationIsVisible = 0;
			defaultConfigurationName = Release;
		};
		2C44E21A27B4D0330008639A /* Build configuration list for PBXNativeTarget "DispatchQueue (iOS)" */ = {
			isa = XCConfigurationList;
			buildConfigurations = (
				2C44E21B27B4D0330008639A /* Debug */,
				2C44E21C27B4D0330008639A /* Release */,
			);
			defaultConfigurationIsVisible = 0;
			defaultConfigurationName = Release;
		};
		2C44E21D27B4D0330008639A /* Build configuration list for PBXNativeTarget "DispatchQueue (macOS)" */ = {
			isa = XCConfigurationList;
			buildConfigurations = (
				2C44E21E27B4D0330008639A /* Debug */,
				2C44E21F27B4D0330008639A /* Release */,
			);
			defaultConfigurationIsVisible = 0;
			defaultConfigurationName = Release;
		};
		2C44E22027B4D0330008639A /* Build configuration list for PBXNativeTarget "Tests iOS" */ = {
			isa = XCConfigurationList;
			buildConfigurations = (
				2C44E22127B4D0330008639A /* Debug */,
				2C44E22227B4D0330008639A /* Release */,
			);
			defaultConfigurationIsVisible = 0;
			defaultConfigurationName = Release;
		};
		2C44E22327B4D0330008639A /* Build configuration list for PBXNativeTarget "Tests macOS" */ = {
			isa = XCConfigurationList;
			buildConfigurations = (
				2C44E22427B4D0330008639A /* Debug */,
				2C44E22527B4D0330008639A /* Release */,
			);
			defaultConfigurationIsVisible = 0;
			defaultConfigurationName = Release;
		};
/* End XCConfigurationList section */
	};
	rootObject = 2C44E1E527B4D0320008639A /* Project object */;
}
